
Microsoft Visual Studio Solution File, Format Version 12.00
# Visual Studio Version 17
VisualStudioVersion = 17.8.34309.116
MinimumVisualStudioVersion = 10.0.40219.1
Project("{2150E333-8FDC-42A3-9474-1A3956D46DE8}") = "src", "src", "{A3B5F1F1-0000-0000-0000-000000000001}"
EndProject
Project("{2150E333-8FDC-42A3-9474-1A3956D46DE8}") = "tests", "tests", "{A3B5F1F1-0000-0000-0000-000000000002}"
EndProject
Project("{2150E333-8FDC-42A3-9474-1A3956D46DE8}") = "docs", "docs", "{A3B5F1F1-0000-0000-0000-000000000003}"
EndProject
Project("{2150E333-8FDC-42A3-9474-1A3956D46DE8}") = "Shared", "Shared", "{A3B5F1F1-0000-0000-0000-000000000004}"
EndProject
Project("{2150E333-8FDC-42A3-9474-1A3956D46DE8}") = "Cloud", "Cloud", "{A3B5F1F1-0000-0000-0000-000000000005}"
EndProject
Project("{2150E333-8FDC-42A3-9474-1A3956D46DE8}") = "Edge", "Edge", "{A3B5F1F1-0000-0000-0000-000000000006}"
EndProject
Project("{2150E333-8FDC-42A3-9474-1A3956D46DE8}") = "Web", "Web", "{A3B5F1F1-0000-0000-0000-000000000007}"
EndProject
Project("{FAE04EC0-301F-11D3-BF4B-00C04F79EFBC}") = "MedEdge.Core", "src\Shared\MedEdge.Core\MedEdge.Core.csproj", "{A3B5F1F1-0000-0000-0000-000000000010}"
EndProject
Project("{FAE04EC0-301F-11D3-BF4B-00C04F79EFBC}") = "MedEdge.FhirApi", "src\Cloud\MedEdge.FhirApi\MedEdge.FhirApi.csproj", "{A3B5F1F1-0000-0000-0000-000000000020}"
EndProject
Project("{FAE04EC0-301F-11D3-BF4B-00C04F79EFBC}") = "MedEdge.FhirApi.Tests", "tests\MedEdge.FhirApi.Tests\MedEdge.FhirApi.Tests.csproj", "{A3B5F1F1-0000-0000-0000-000000000030}"
EndProject
Project("{FAE04EC0-301F-11D3-BF4B-00C04F79EFBC}") = "MedEdge.Integration.Tests", "tests\MedEdge.Integration.Tests\MedEdge.Integration.Tests.csproj", "{A3B5F1F1-0000-0000-0000-000000000040}"
EndProject
Project("{FAE04EC0-301F-11D3-BF4B-00C04F79EFBC}") = "MedEdge.DeviceSimulator", "src\Edge\MedEdge.DeviceSimulator\MedEdge.DeviceSimulator.csproj", "{A3B5F1F1-0000-0000-0000-000000000050}"
EndProject
Project("{FAE04EC0-301F-11D3-BF4B-00C04F79EFBC}") = "MedEdge.EdgeGateway", "src\Edge\MedEdge.EdgeGateway\MedEdge.EdgeGateway.csproj", "{A3B5F1F1-0000-0000-0000-000000000060}"
EndProject
Project("{FAE04EC0-301F-11D3-BF4B-00C04F79EFBC}") = "MedEdge.TransformService", "src\Cloud\MedEdge.TransformService\MedEdge.TransformService.csproj", "{A3B5F1F1-0000-0000-0000-000000000070}"
EndProject
Project("{FAE04EC0-301F-11D3-BF4B-00C04F79EFBC}") = "MedEdge.AiEngine", "src\Cloud\MedEdge.AiEngine\MedEdge.AiEngine.csproj", "{A3B5F1F1-0000-0000-0000-000000000080}"
EndProject
Project("{FAE04EC0-301F-11D3-BF4B-00C04F79EFBC}") = "MedEdge.Dashboard", "src\Web\MedEdge.Dashboard\MedEdge.Dashboard.csproj", "{A3B5F1F1-0000-0000-0000-000000000090}"
EndProject
Global
	GlobalSection(SolutionConfigurationPlatforms) = preSolution
		Debug|Any CPU = Debug|Any CPU
		Release|Any CPU = Release|Any CPU
	EndGlobalSection
	GlobalSection(ProjectConfigurationPlatforms) = postSolution
		{A3B5F1F1-0000-0000-0000-000000000010}.Debug|Any CPU.ActiveCfg = Debug|Any CPU
		{A3B5F1F1-0000-0000-0000-000000000010}.Debug|Any CPU.Build.0 = Debug|Any CPU
		{A3B5F1F1-0000-0000-0000-000000000010}.Release|Any CPU.ActiveCfg = Release|Any CPU
		{A3B5F1F1-0000-0000-0000-000000000010}.Release|Any CPU.Build.0 = Release|Any CPU
		{A3B5F1F1-0000-0000-0000-000000000020}.Debug|Any CPU.ActiveCfg = Debug|Any CPU
		{A3B5F1F1-0000-0000-0000-000000000020}.Debug|Any CPU.Build.0 = Debug|Any CPU
		{A3B5F1F1-0000-0000-0000-000000000020}.Release|Any CPU.ActiveCfg = Release|Any CPU
		{A3B5F1F1-0000-0000-0000-000000000020}.Release|Any CPU.Build.0 = Release|Any CPU
		{A3B5F1F1-0000-0000-0000-000000000030}.Debug|Any CPU.ActiveCfg = Debug|Any CPU
		{A3B5F1F1-0000-0000-0000-000000000030}.Debug|Any CPU.Build.0 = Debug|Any CPU
		{A3B5F1F1-0000-0000-0000-000000000030}.Release|Any CPU.ActiveCfg = Release|Any CPU
		{A3B5F1F1-0000-0000-0000-000000000030}.Release|Any CPU.Build.0 = Release|Any CPU
		{A3B5F1F1-0000-0000-0000-000000000040}.Debug|Any CPU.ActiveCfg = Debug|Any CPU
		{A3B5F1F1-0000-0000-0000-000000000040}.Debug|Any CPU.Build.0 = Debug|Any CPU
		{A3B5F1F1-0000-0000-0000-000000000040}.Release|Any CPU.ActiveCfg = Release|Any CPU
		{A3B5F1F1-0000-0000-0000-000000000040}.Release|Any CPU.Build.0 = Release|Any CPU
		{A3B5F1F1-0000-0000-0000-000000000050}.Debug|Any CPU.ActiveCfg = Debug|Any CPU
		{A3B5F1F1-0000-0000-0000-000000000050}.Debug|Any CPU.Build.0 = Debug|Any CPU
		{A3B5F1F1-0000-0000-0000-000000000050}.Release|Any CPU.ActiveCfg = Release|Any CPU
		{A3B5F1F1-0000-0000-0000-000000000050}.Release|Any CPU.Build.0 = Release|Any CPU
		{A3B5F1F1-0000-0000-0000-000000000060}.Debug|Any CPU.ActiveCfg = Debug|Any CPU
		{A3B5F1F1-0000-0000-0000-000000000060}.Debug|Any CPU.Build.0 = Debug|Any CPU
		{A3B5F1F1-0000-0000-0000-000000000060}.Release|Any CPU.ActiveCfg = Release|Any CPU
		{A3B5F1F1-0000-0000-0000-000000000060}.Release|Any CPU.Build.0 = Release|Any CPU
		{A3B5F1F1-0000-0000-0000-000000000070}.Debug|Any CPU.ActiveCfg = Debug|Any CPU
		{A3B5F1F1-0000-0000-0000-000000000070}.Debug|Any CPU.Build.0 = Debug|Any CPU
		{A3B5F1F1-0000-0000-0000-000000000070}.Release|Any CPU.ActiveCfg = Release|Any CPU
		{A3B5F1F1-0000-0000-0000-000000000070}.Release|Any CPU.Build.0 = Release|Any CPU
		{A3B5F1F1-0000-0000-0000-000000000080}.Debug|Any CPU.ActiveCfg = Debug|Any CPU
		{A3B5F1F1-0000-0000-0000-000000000080}.Debug|Any CPU.Build.0 = Debug|Any CPU
		{A3B5F1F1-0000-0000-0000-000000000080}.Release|Any CPU.ActiveCfg = Release|Any CPU
		{A3B5F1F1-0000-0000-0000-000000000080}.Release|Any CPU.Build.0 = Release|Any CPU
		{A3B5F1F1-0000-0000-0000-000000000090}.Debug|Any CPU.ActiveCfg = Debug|Any CPU
		{A3B5F1F1-0000-0000-0000-000000000090}.Debug|Any CPU.Build.0 = Debug|Any CPU
		{A3B5F1F1-0000-0000-0000-000000000090}.Release|Any CPU.ActiveCfg = Release|Any CPU
		{A3B5F1F1-0000-0000-0000-000000000090}.Release|Any CPU.Build.0 = Release|Any CPU
	EndGlobalSection
	GlobalSection(NestedProjects) = preSolution
		{A3B5F1F1-0000-0000-0000-000000000004} = {A3B5F1F1-0000-0000-0000-000000000001}
		{A3B5F1F1-0000-0000-0000-000000000005} = {A3B5F1F1-0000-0000-0000-000000000001}
		{A3B5F1F1-0000-0000-0000-000000000006} = {A3B5F1F1-0000-0000-0000-000000000001}
		{A3B5F1F1-0000-0000-0000-000000000007} = {A3B5F1F1-0000-0000-0000-000000000001}
		{A3B5F1F1-0000-0000-0000-000000000010} = {A3B5F1F1-0000-0000-0000-000000000004}
		{A3B5F1F1-0000-0000-0000-000000000020} = {A3B5F1F1-0000-0000-0000-000000000005}
		{A3B5F1F1-0000-0000-0000-000000000030} = {A3B5F1F1-0000-0000-0000-000000000002}
		{A3B5F1F1-0000-0000-0000-000000000040} = {A3B5F1F1-0000-0000-0000-000000000002}
		{A3B5F1F1-0000-0000-0000-000000000050} = {A3B5F1F1-0000-0000-0000-000000000006}
		{A3B5F1F1-0000-0000-0000-000000000060} = {A3B5F1F1-0000-0000-0000-000000000006}
		{A3B5F1F1-0000-0000-0000-000000000070} = {A3B5F1F1-0000-0000-0000-000000000005}
		{A3B5F1F1-0000-0000-0000-000000000080} = {A3B5F1F1-0000-0000-0000-000000000005}
		{A3B5F1F1-0000-0000-0000-000000000090} = {A3B5F1F1-0000-0000-0000-000000000007}
	EndGlobalSection
EndGlobal
